// !$*UTF8*$!
{
	archiveVersion = 1;
	classes = {
	};
	objectVersion = 77;
	objects = {

/* Begin PBXBuildFile section */
		9718C64D2FB6B142005E6AC8 /* FoundationModels.framework in Frameworks */ = {isa = PBXBuildFile; fileRef = 9718C64C2FB6B142005E6AC8 /* FoundationModels.framework */; };
		9718C6522FB6B1B9005E6AC8 /* POIRankingEngine.swift in Sources */ = {isa = PBXBuildFile; fileRef = 9718C64E2FB6B1B9005E6AC8 /* POIRankingEngine.swift */; };
		9718C6532FB6B1B9005E6AC8 /* RouteNameSuggester.swift in Sources */ = {isa = PBXBuildFile; fileRef = 9718C6502FB6B1B9005E6AC8 /* RouteNameSuggester.swift */; };
		9718C6542FB6B1B9005E6AC8 /* RideSummaryGenerator.swift in Sources */ = {isa = PBXBuildFile; fileRef = 9718C64F2FB6B1B9005E6AC8 /* RideSummaryGenerator.swift */; };
		9718C6552FB6B1B9005E6AC8 /* VeloAI.swift in Sources */ = {isa = PBXBuildFile; fileRef = 9718C6512FB6B1B9005E6AC8 /* VeloAI.swift */; };
		972D58E92FA6F99D00B5BD63 /* PreRidePOISheet.swift in Sources */ = {isa = PBXBuildFile; fileRef = 972D58E82FA6F99D00B5BD63 /* PreRidePOISheet.swift */; };
		972D58F12FB3F98300B5BD63 /* WidgetKit.framework in Frameworks */ = {isa = PBXBuildFile; fileRef = 972D58F02FB3F98300B5BD63 /* WidgetKit.framework */; };
		972D58F32FB3F98300B5BD63 /* SwiftUI.framework in Frameworks */ = {isa = PBXBuildFile; fileRef = 972D58F22FB3F98300B5BD63 /* SwiftUI.framework */; };
		972D59002FB3F98300B5BD63 /* VeloGPXLiveActivityExtension.appex in Embed Foundation Extensions */ = {isa = PBXBuildFile; fileRef = 972D58EE2FB3F98300B5BD63 /* VeloGPXLiveActivityExtension.appex */; settings = {ATTRIBUTES = (RemoveHeadersOnCopy, ); }; };
		972D59152FB3FB6200B5BD63 /* RideActivityAttributes.swift in Sources */ = {isa = PBXBuildFile; fileRef = 972D59142FB3FB6200B5BD63 /* RideActivityAttributes.swift */; };
		972D59162FB3FB6200B5BD63 /* RideActivityAttributes.swift in Sources */ = {isa = PBXBuildFile; fileRef = 972D59142FB3FB6200B5BD63 /* RideActivityAttributes.swift */; };
		972D59552FB4247200B5BD63 /* CoreMotion.framework in Frameworks */ = {isa = PBXBuildFile; fileRef = 972D59542FB4247200B5BD63 /* CoreMotion.framework */; };
		978915252F9C9AF30047D8F7 /* NearbySearchSheet.swift in Sources */ = {isa = PBXBuildFile; fileRef = 978915212F9C9AF30047D8F7 /* NearbySearchSheet.swift */; };
		978915262F9C9AF30047D8F7 /* POIDiscoverySheet.swift in Sources */ = {isa = PBXBuildFile; fileRef = 978915232F9C9AF30047D8F7 /* POIDiscoverySheet.swift */; };
		9789152C2F9D20410047D8F7 /* Assets.xcassets in Resources */ = {isa = PBXBuildFile; fileRef = 9789152B2F9D20410047D8F7 /* Assets.xcassets */; };
		9789154C2F9D64890047D8F7 /* RideSummary.swift in Sources */ = {isa = PBXBuildFile; fileRef = 9789154B2F9D64890047D8F7 /* RideSummary.swift */; };
		9789154D2F9D64890047D8F7 /* RideSummary.swift in Sources */ = {isa = PBXBuildFile; fileRef = 9789154B2F9D64890047D8F7 /* RideSummary.swift */; };
		9789154F2F9D64A40047D8F7 /* GPXExporter.swift in Sources */ = {isa = PBXBuildFile; fileRef = 9789154E2F9D64A40047D8F7 /* GPXExporter.swift */; };
		978915502F9D64A40047D8F7 /* GPXExporter.swift in Sources */ = {isa = PBXBuildFile; fileRef = 9789154E2F9D64A40047D8F7 /* GPXExporter.swift */; };
		978915522F9D64D00047D8F7 /* RideSummaryView.swift in Sources */ = {isa = PBXBuildFile; fileRef = 978915512F9D64D00047D8F7 /* RideSummaryView.swift */; };
		978915542F9DC7180047D8F7 /* RideHistoryStore.swift in Sources */ = {isa = PBXBuildFile; fileRef = 978915532F9DC7180047D8F7 /* RideHistoryStore.swift */; };
		978915562F9DC81A0047D8F7 /* PersistedRideSummary.swift in Sources */ = {isa = PBXBuildFile; fileRef = 978915552F9DC81A0047D8F7 /* PersistedRideSummary.swift */; };
		9789155A2F9DC8710047D8F7 /* RideHistoryView.swift in Sources */ = {isa = PBXBuildFile; fileRef = 978915582F9DC8710047D8F7 /* RideHistoryView.swift */; };
		9789155B2F9DC8710047D8F7 /* ShareableRideCard.swift in Sources */ = {isa = PBXBuildFile; fileRef = 978915592F9DC8710047D8F7 /* ShareableRideCard.swift */; };
		9789155C2F9DC8710047D8F7 /* RideHistoryDetailView.swift in Sources */ = {isa = PBXBuildFile; fileRef = 978915572F9DC8710047D8F7 /* RideHistoryDetailView.swift */; };
		9789155E2F9DD0080047D8F7 /* TimeInterval+Formatting.swift in Sources */ = {isa = PBXBuildFile; fileRef = 9789155D2F9DD0080047D8F7 /* TimeInterval+Formatting.swift */; };
		9789155F2F9DD0080047D8F7 /* TimeInterval+Formatting.swift in Sources */ = {isa = PBXBuildFile; fileRef = 9789155D2F9DD0080047D8F7 /* TimeInterval+Formatting.swift */; };
		978915662F9DDB8C0047D8F7 /* LocalizationManager.swift in Sources */ = {isa = PBXBuildFile; fileRef = 978915642F9DDB8C0047D8F7 /* LocalizationManager.swift */; };
		978915672F9DDB8C0047D8F7 /* LocalizationManager.swift in Sources */ = {isa = PBXBuildFile; fileRef = 978915642F9DDB8C0047D8F7 /* LocalizationManager.swift */; };
		9789157E2F9DF86B0047D8F7 /* PlaceDescriptorService.swift in Sources */ = {isa = PBXBuildFile; fileRef = 978915792F9DF86B0047D8F7 /* PlaceDescriptorService.swift */; };
		9789157F2F9DF86B0047D8F7 /* POISearchService.swift in Sources */ = {isa = PBXBuildFile; fileRef = 9789157A2F9DF86B0047D8F7 /* POISearchService.swift */; };
		978915802F9DF86B0047D8F7 /* CyclingRouteService.swift in Sources */ = {isa = PBXBuildFile; fileRef = 978915782F9DF86B0047D8F7 /* CyclingRouteService.swift */; };
		9789159E2F9E794B0047D8F7 /* Localizable.strings in Resources */ = {isa = PBXBuildFile; fileRef = 9789159C2F9E794B0047D8F7 /* Localizable.strings */; };
		978915A62F9EF24F0047D8F7 /* PlanRouteEngine.swift in Sources */ = {isa = PBXBuildFile; fileRef = 978915A52F9EF24F0047D8F7 /* PlanRouteEngine.swift */; };
		978915A82F9EF2610047D8F7 /* PlanView.swift in Sources */ = {isa = PBXBuildFile; fileRef = 978915A72F9EF2610047D8F7 /* PlanView.swift */; };
		978915AA2F9EF2730047D8F7 /* WaypointListSheet.swift in Sources */ = {isa = PBXBuildFile; fileRef = 978915A92F9EF2730047D8F7 /* WaypointListSheet.swift */; };
		978915B22F9EF7540047D8F7 /* PlanState.swift in Sources */ = {isa = PBXBuildFile; fileRef = 978915B02F9EF7540047D8F7 /* PlanState.swift */; };
		978915B42F9F15560047D8F7 /* RideSessionStore+Spurs.swift in Sources */ = {isa = PBXBuildFile; fileRef = 978915B32F9F15560047D8F7 /* RideSessionStore+Spurs.swift */; };
		978915B62F9F15960047D8F7 /* POISpur.swift in Sources */ = {isa = PBXBuildFile; fileRef = 978915B52F9F15960047D8F7 /* POISpur.swift */; };
		97974C1D2FB43A5C007E330B /* MKMapItem+POI.swift in Sources */ = {isa = PBXBuildFile; fileRef = 97974C1C2FB43A5C007E330B /* MKMapItem+POI.swift */; };
		97974C1F2FB56F46007E330B /* POIModel+MapKit.swift in Sources */ = {isa = PBXBuildFile; fileRef = 97974C1E2FB56F46007E330B /* POIModel+MapKit.swift */; };
		97A92E592FB92A7E00771B9F /* RidePlanIntent+Generable.swift in Sources */ = {isa = PBXBuildFile; fileRef = 97A92E582FB92A7E00771B9F /* RidePlanIntent+Generable.swift */; };
		97A92E692FB92C5300771B9F /* PlanAssistantEngine.swift in Sources */ = {isa = PBXBuildFile; fileRef = 97A92E682FB92C5300771B9F /* PlanAssistantEngine.swift */; };
		97A92E6B2FB9313F00771B9F /* RidePlanAssistantView.swift in Sources */ = {isa = PBXBuildFile; fileRef = 97A92E6A2FB9313F00771B9F /* RidePlanAssistantView.swift */; };
		97A92E892FC1591400771B9F /* DrawRouteEngine.swift in Sources */ = {isa = PBXBuildFile; fileRef = 97A92E882FC1591400771B9F /* DrawRouteEngine.swift */; };
		97F812862F9468CE0068A42A /* GeoJSONParser.swift in Sources */ = {isa = PBXBuildFile; fileRef = 97F8127D2F9468CE0068A42A /* GeoJSONParser.swift */; };
		97F812872F9468CE0068A42A /* RootView.swift in Sources */ = {isa = PBXBuildFile; fileRef = 97F8126F2F9468CE0068A42A /* RootView.swift */; };
		97F812882F9468CE0068A42A /* RouteModel.swift in Sources */ = {isa = PBXBuildFile; fileRef = 97F8127A2F9468CE0068A42A /* RouteModel.swift */; };
		97F812892F9468CE0068A42A /* WatchRideSummary.swift in Sources */ = {isa = PBXBuildFile; fileRef = 97F8127B2F9468CE0068A42A /* WatchRideSummary.swift */; };
		97F8128B2F9468CE0068A42A /* CLLocationCoordinate2D+Extensions.swift in Sources */ = {isa = PBXBuildFile; fileRef = 97F812762F9468CE0068A42A /* CLLocationCoordinate2D+Extensions.swift */; };
		97F8128C2F9468CE0068A42A /* VeloGPXApp.swift in Sources */ = {isa = PBXBuildFile; fileRef = 97F812742F9468CE0068A42A /* VeloGPXApp.swift */; };
		97F8128D2F9468CE0068A42A /* POIModel.swift in Sources */ = {isa = PBXBuildFile; fileRef = 97F812782F9468CE0068A42A /* POIModel.swift */; };
		97F8128F2F9468CE0068A42A /* RouteLibraryView.swift in Sources */ = {isa = PBXBuildFile; fileRef = 97F812712F9468CE0068A42A /* RouteLibraryView.swift */; };
		97F812902F9468CE0068A42A /* RideSessionStore.swift in Sources */ = {isa = PBXBuildFile; fileRef = 97F8126B2F9468CE0068A42A /* RideSessionStore.swift */; };
		97F812922F9468CE0068A42A /* RouteDetailView.swift in Sources */ = {isa = PBXBuildFile; fileRef = 97F812702F9468CE0068A42A /* RouteDetailView.swift */; };
		97F812932F9468CE0068A42A /* RideView.swift in Sources */ = {isa = PBXBuildFile; fileRef = 97F8126E2F9468CE0068A42A /* RideView.swift */; };
		97F812942F9468CE0068A42A /* RideState.swift in Sources */ = {isa = PBXBuildFile; fileRef = 97F812792F9468CE0068A42A /* RideState.swift */; };
		97F812952F9468CE0068A42A /* RouteStore.swift in Sources */ = {isa = PBXBuildFile; fileRef = 97F8126C2F9468CE0068A42A /* RouteStore.swift */; };
		97F812962F9468CE0068A42A /* SettingsView.swift in Sources */ = {isa = PBXBuildFile; fileRef = 97F812722F9468CE0068A42A /* SettingsView.swift */; };
		97F812972F9468CE0068A42A /* GPXParser.swift in Sources */ = {isa = PBXBuildFile; fileRef = 97F8127E2F9468CE0068A42A /* GPXParser.swift */; };
		97F812A62F9469480068A42A /* VeloGPXWatch Watch App.app in Embed Watch Content */ = {isa = PBXBuildFile; fileRef = 97F8129C2F9469470068A42A /* VeloGPXWatch Watch App.app */; settings = {ATTRIBUTES = (RemoveHeadersOnCopy, ); }; };
		97F812AD2F94701E0068A42A /* WatchRideStore.swift in Sources */ = {isa = PBXBuildFile; fileRef = 97F812842F9468CE0068A42A /* WatchRideStore.swift */; };
		97F812AE2F94702E0068A42A /* WatchRideView.swift in Sources */ = {isa = PBXBuildFile; fileRef = 97F812812F9468CE0068A42A /* WatchRideView.swift */; };
		97F812AF2F9470400068A42A /* VeloGPXWatchApp.swift in Sources */ = {isa = PBXBuildFile; fileRef = 97F812832F9468CE0068A42A /* VeloGPXWatchApp.swift */; };
		97F812B02F94704F0068A42A /* CLLocationCoordinate2D+Extensions.swift in Sources */ = {isa = PBXBuildFile; fileRef = 97F812762F9468CE0068A42A /* CLLocationCoordinate2D+Extensions.swift */; };
		97F812B12F9470550068A42A /* POIModel.swift in Sources */ = {isa = PBXBuildFile; fileRef = 97F812782F9468CE0068A42A /* POIModel.swift */; };
		97F812B22F94705A0068A42A /* RideState.swift in Sources */ = {isa = PBXBuildFile; fileRef = 97F812792F9468CE0068A42A /* RideState.swift */; };
		97F812B32F9470600068A42A /* RouteModel.swift in Sources */ = {isa = PBXBuildFile; fileRef = 97F8127A2F9468CE0068A42A /* RouteModel.swift */; };
		97F812B42F9470660068A42A /* WatchRideSummary.swift in Sources */ = {isa = PBXBuildFile; fileRef = 97F8127B2F9468CE0068A42A /* WatchRideSummary.swift */; };
		97F812B52F94706B0068A42A /* GeoJSONParser.swift in Sources */ = {isa = PBXBuildFile; fileRef = 97F8127D2F9468CE0068A42A /* GeoJSONParser.swift */; };
		97F812B62F9470700068A42A /* GPXParser.swift in Sources */ = {isa = PBXBuildFile; fileRef = 97F8127E2F9468CE0068A42A /* GPXParser.swift */; };
/* End PBXBuildFile section */

/* Begin PBXContainerItemProxy section */
		972D58FE2FB3F98300B5BD63 /* PBXContainerItemProxy */ = {
			isa = PBXContainerItemProxy;
			containerPortal = 97F812532F9468570068A42A /* Project object */;
			proxyType = 1;
			remoteGlobalIDString = 972D58ED2FB3F98300B5BD63;
			remoteInfo = VeloGPXLiveActivityExtension;
		};
		97F812A42F9469480068A42A /* PBXContainerItemProxy */ = {
			isa = PBXContainerItemProxy;
			containerPortal = 97F812532F9468570068A42A /* Project object */;
			proxyType = 1;
			remoteGlobalIDString = 97F8129B2F9469470068A42A;
			remoteInfo = "VeloGPXWatch Watch App";
		};
/* End PBXContainerItemProxy section */

/* Begin PBXCopyFilesBuildPhase section */
		972D59052FB3F98300B5BD63 /* Embed Foundation Extensions */ = {
			isa = PBXCopyFilesBuildPhase;
			buildActionMask = 2147483647;
			dstPath = "";
			dstSubfolderSpec = 13;
			files = (
				972D59002FB3F98300B5BD63 /* VeloGPXLiveActivityExtension.appex in Embed Foundation Extensions */,
			);
			name = "Embed Foundation Extensions";
			runOnlyForDeploymentPostprocessing = 0;
		};
		97F812AA2F9469480068A42A /* Embed Watch Content */ = {
			isa = PBXCopyFilesBuildPhase;
			buildActionMask = 2147483647;
			dstPath = "$(CONTENTS_FOLDER_PATH)/Watch";
			dstSubfolderSpec = 16;
			files = (
				97F812A62F9469480068A42A /* VeloGPXWatch Watch App.app in Embed Watch Content */,
			);
			name = "Embed Watch Content";
			runOnlyForDeploymentPostprocessing = 0;
		};
/* End PBXCopyFilesBuildPhase section */

/* Begin PBXFileReference section */
		9718C64C2FB6B142005E6AC8 /* FoundationModels.framework */ = {isa = PBXFileReference; lastKnownFileType = wrapper.framework; name = FoundationModels.framework; path = Platforms/iPhoneOS.platform/Developer/SDKs/iPhoneOS26.5.sdk/System/Library/Frameworks/FoundationModels.framework; sourceTree = DEVELOPER_DIR; };
		9718C64E2FB6B1B9005E6AC8 /* POIRankingEngine.swift */ = {isa = PBXFileReference; lastKnownFileType = sourcecode.swift; path = POIRankingEngine.swift; sourceTree = "<group>"; };
		9718C64F2FB6B1B9005E6AC8 /* RideSummaryGenerator.swift */ = {isa = PBXFileReference; lastKnownFileType = sourcecode.swift; path = RideSummaryGenerator.swift; sourceTree = "<group>"; };
		9718C6502FB6B1B9005E6AC8 /* RouteNameSuggester.swift */ = {isa = PBXFileReference; lastKnownFileType = sourcecode.swift; path = RouteNameSuggester.swift; sourceTree = "<group>"; };
		9718C6512FB6B1B9005E6AC8 /* VeloAI.swift */ = {isa = PBXFileReference; lastKnownFileType = sourcecode.swift; path = VeloAI.swift; sourceTree = "<group>"; };
		972D58E82FA6F99D00B5BD63 /* PreRidePOISheet.swift */ = {isa = PBXFileReference; lastKnownFileType = sourcecode.swift; path = PreRidePOISheet.swift; sourceTree = "<group>"; };
		972D58EE2FB3F98300B5BD63 /* VeloGPXLiveActivityExtension.appex */ = {isa = PBXFileReference; explicitFileType = "wrapper.app-extension"; includeInIndex = 0; path = VeloGPXLiveActivityExtension.appex; sourceTree = BUILT_PRODUCTS_DIR; };
		972D58F02FB3F98300B5BD63 /* WidgetKit.framework */ = {isa = PBXFileReference; lastKnownFileType = wrapper.framework; name = WidgetKit.framework; path = System/Library/Frameworks/WidgetKit.framework; sourceTree = SDKROOT; };
		972D58F22FB3F98300B5BD63 /* SwiftUI.framework */ = {isa = PBXFileReference; lastKnownFileType = wrapper.framework; name = SwiftUI.framework; path = System/Library/Frameworks/SwiftUI.framework; sourceTree = SDKROOT; };
		972D59142FB3FB6200B5BD63 /* RideActivityAttributes.swift */ = {isa = PBXFileReference; lastKnownFileType = sourcecode.swift; path = RideActivityAttributes.swift; sourceTree = "<group>"; };
		972D59542FB4247200B5BD63 /* CoreMotion.framework */ = {isa = PBXFileReference; lastKnownFileType = wrapper.framework; name = CoreMotion.framework; path = Platforms/iPhoneOS.platform/Developer/SDKs/iPhoneOS26.4.sdk/System/Library/Frameworks/CoreMotion.framework; sourceTree = DEVELOPER_DIR; };
		978915212F9C9AF30047D8F7 /* NearbySearchSheet.swift */ = {isa = PBXFileReference; lastKnownFileType = sourcecode.swift; path = NearbySearchSheet.swift; sourceTree = "<group>"; };
		978915232F9C9AF30047D8F7 /* POIDiscoverySheet.swift */ = {isa = PBXFileReference; lastKnownFileType = sourcecode.swift; path = POIDiscoverySheet.swift; sourceTree = "<group>"; };
		9789152B2F9D20410047D8F7 /* Assets.xcassets */ = {isa = PBXFileReference; lastKnownFileType = folder.assetcatalog; path = Assets.xcassets; sourceTree = "<group>"; };
		9789154B2F9D64890047D8F7 /* RideSummary.swift */ = {isa = PBXFileReference; lastKnownFileType = sourcecode.swift; path = RideSummary.swift; sourceTree = "<group>"; };
		9789154E2F9D64A40047D8F7 /* GPXExporter.swift */ = {isa = PBXFileReference; lastKnownFileType = sourcecode.swift; path = GPXExporter.swift; sourceTree = "<group>"; };
		978915512F9D64D00047D8F7 /* RideSummaryView.swift */ = {isa = PBXFileReference; lastKnownFileType = sourcecode.swift; path = RideSummaryView.swift; sourceTree = "<group>"; };
		978915532F9DC7180047D8F7 /* RideHistoryStore.swift */ = {isa = PBXFileReference; lastKnownFileType = sourcecode.swift; path = RideHistoryStore.swift; sourceTree = "<group>"; };
		978915552F9DC81A0047D8F7 /* PersistedRideSummary.swift */ = {isa = PBXFileReference; lastKnownFileType = sourcecode.swift; path = PersistedRideSummary.swift; sourceTree = "<group>"; };
		978915572F9DC8710047D8F7 /* RideHistoryDetailView.swift */ = {isa = PBXFileReference; lastKnownFileType = sourcecode.swift; path = RideHistoryDetailView.swift; sourceTree = "<group>"; };
		978915582F9DC8710047D8F7 /* RideHistoryView.swift */ = {isa = PBXFileReference; lastKnownFileType = sourcecode.swift; path = RideHistoryView.swift; sourceTree = "<group>"; };
		978915592F9DC8710047D8F7 /* ShareableRideCard.swift */ = {isa = PBXFileReference; lastKnownFileType = sourcecode.swift; path = ShareableRideCard.swift; sourceTree = "<group>"; };
		9789155D2F9DD0080047D8F7 /* TimeInterval+Formatting.swift */ = {isa = PBXFileReference; lastKnownFileType = sourcecode.swift; path = "TimeInterval+Formatting.swift"; sourceTree = "<group>"; };
		978915642F9DDB8C0047D8F7 /* LocalizationManager.swift */ = {isa = PBXFileReference; lastKnownFileType = sourcecode.swift; path = LocalizationManager.swift; sourceTree = "<group>"; };
		978915782F9DF86B0047D8F7 /* CyclingRouteService.swift */ = {isa = PBXFileReference; lastKnownFileType = sourcecode.swift; path = CyclingRouteService.swift; sourceTree = "<group>"; };
		978915792F9DF86B0047D8F7 /* PlaceDescriptorService.swift */ = {isa = PBXFileReference; lastKnownFileType = sourcecode.swift; path = PlaceDescriptorService.swift; sourceTree = "<group>"; };
		9789157A2F9DF86B0047D8F7 /* POISearchService.swift */ = {isa = PBXFileReference; lastKnownFileType = sourcecode.swift; path = POISearchService.swift; sourceTree = "<group>"; };
		9789158D2F9E794B0047D8F7 /* en */ = {isa = PBXFileReference; lastKnownFileType = text.plist.strings; name = en; path = en.lproj/Localizable.strings; sourceTree = "<group>"; };
		9789158E2F9E794B0047D8F7 /* ar */ = {isa = PBXFileReference; lastKnownFileType = text.plist.strings; name = ar; path = ar.lproj/Localizable.strings; sourceTree = "<group>"; };
		9789158F2F9E794B0047D8F7 /* da */ = {isa = PBXFileReference; lastKnownFileType = text.plist.strings; name = da; path = da.lproj/Localizable.strings; sourceTree = "<group>"; };
		978915902F9E794B0047D8F7 /* de */ = {isa = PBXFileReference; lastKnownFileType = text.plist.strings; name = de; path = de.lproj/Localizable.strings; sourceTree = "<group>"; };
		978915912F9E794B0047D8F7 /* es */ = {isa = PBXFileReference; lastKnownFileType = text.plist.strings; name = es; path = es.lproj/Localizable.strings; sourceTree = "<group>"; };
		978915922F9E794B0047D8F7 /* fr */ = {isa = PBXFileReference; lastKnownFileType = text.plist.strings; name = fr; path = fr.lproj/Localizable.strings; sourceTree = "<group>"; };
		978915932F9E794B0047D8F7 /* it */ = {isa = PBXFileReference; lastKnownFileType = text.plist.strings; name = it; path = it.lproj/Localizable.strings; sourceTree = "<group>"; };
		978915942F9E794B0047D8F7 /* ja */ = {isa = PBXFileReference; lastKnownFileType = text.plist.strings; name = ja; path = ja.lproj/Localizable.strings; sourceTree = "<group>"; };
		978915952F9E794B0047D8F7 /* ko */ = {isa = PBXFileReference; lastKnownFileType = text.plist.strings; name = ko; path = ko.lproj/Localizable.strings; sourceTree = "<group>"; };
		978915962F9E794B0047D8F7 /* nb */ = {isa = PBXFileReference; lastKnownFileType = text.plist.strings; name = nb; path = nb.lproj/Localizable.strings; sourceTree = "<group>"; };
		978915972F9E794B0047D8F7 /* nl */ = {isa = PBXFileReference; lastKnownFileType = text.plist.strings; name = nl; path = nl.lproj/Localizable.strings; sourceTree = "<group>"; };
		978915982F9E794B0047D8F7 /* pl */ = {isa = PBXFileReference; lastKnownFileType = text.plist.strings; name = pl; path = pl.lproj/Localizable.strings; sourceTree = "<group>"; };
		978915992F9E794B0047D8F7 /* pt */ = {isa = PBXFileReference; lastKnownFileType = text.plist.strings; name = pt; path = pt.lproj/Localizable.strings; sourceTree = "<group>"; };
		9789159A2F9E794B0047D8F7 /* sv */ = {isa = PBXFileReference; lastKnownFileType = text.plist.strings; name = sv; path = sv.lproj/Localizable.strings; sourceTree = "<group>"; };
		9789159B2F9E794B0047D8F7 /* zh-Hans */ = {isa = PBXFileReference; lastKnownFileType = text.plist.strings; name = "zh-Hans"; path = "zh-Hans.lproj/Localizable.strings"; sourceTree = "<group>"; };
		978915A52F9EF24F0047D8F7 /* PlanRouteEngine.swift */ = {isa = PBXFileReference; lastKnownFileType = sourcecode.swift; path = PlanRouteEngine.swift; sourceTree = "<group>"; };
		978915A72F9EF2610047D8F7 /* PlanView.swift */ = {isa = PBXFileReference; lastKnownFileType = sourcecode.swift; path = PlanView.swift; sourceTree = "<group>"; };
		978915A92F9EF2730047D8F7 /* WaypointListSheet.swift */ = {isa = PBXFileReference; lastKnownFileType = sourcecode.swift; path = WaypointListSheet.swift; sourceTree = "<group>"; };
		978915B02F9EF7540047D8F7 /* PlanState.swift */ = {isa = PBXFileReference; lastKnownFileType = sourcecode.swift; path = PlanState.swift; sourceTree = "<group>"; };
		978915B32F9F15560047D8F7 /* RideSessionStore+Spurs.swift */ = {isa = PBXFileReference; lastKnownFileType = sourcecode.swift; path = "RideSessionStore+Spurs.swift"; sourceTree = "<group>"; };
		978915B52F9F15960047D8F7 /* POISpur.swift */ = {isa = PBXFileReference; lastKnownFileType = sourcecode.swift; path = POISpur.swift; sourceTree = "<group>"; };
		97974C1C2FB43A5C007E330B /* MKMapItem+POI.swift */ = {isa = PBXFileReference; lastKnownFileType = sourcecode.swift; path = "MKMapItem+POI.swift"; sourceTree = "<group>"; };
		97974C1E2FB56F46007E330B /* POIModel+MapKit.swift */ = {isa = PBXFileReference; lastKnownFileType = sourcecode.swift; path = "POIModel+MapKit.swift"; sourceTree = "<group>"; };
		97A92E582FB92A7E00771B9F /* RidePlanIntent+Generable.swift */ = {isa = PBXFileReference; lastKnownFileType = sourcecode.swift; path = "RidePlanIntent+Generable.swift"; sourceTree = "<group>"; };
		97A92E682FB92C5300771B9F /* PlanAssistantEngine.swift */ = {isa = PBXFileReference; lastKnownFileType = sourcecode.swift; path = PlanAssistantEngine.swift; sourceTree = "<group>"; };
		97A92E6A2FB9313F00771B9F /* RidePlanAssistantView.swift */ = {isa = PBXFileReference; lastKnownFileType = sourcecode.swift; path = RidePlanAssistantView.swift; sourceTree = "<group>"; };
		97A92E882FC1591400771B9F /* DrawRouteEngine.swift */ = {isa = PBXFileReference; lastKnownFileType = sourcecode.swift; path = DrawRouteEngine.swift; sourceTree = "<group>"; };
		97F8125B2F9468570068A42A /* VeloGPX.app */ = {isa = PBXFileReference; explicitFileType = wrapper.application; includeInIndex = 0; path = VeloGPX.app; sourceTree = BUILT_PRODUCTS_DIR; };
		97F8126B2F9468CE0068A42A /* RideSessionStore.swift */ = {isa = PBXFileReference; lastKnownFileType = sourcecode.swift; path = RideSessionStore.swift; sourceTree = "<group>"; };
		97F8126C2F9468CE0068A42A /* RouteStore.swift */ = {isa = PBXFileReference; lastKnownFileType = sourcecode.swift; path = RouteStore.swift; sourceTree = "<group>"; };
		97F8126E2F9468CE0068A42A /* RideView.swift */ = {isa = PBXFileReference; lastKnownFileType = sourcecode.swift; path = RideView.swift; sourceTree = "<group>"; };
		97F8126F2F9468CE0068A42A /* RootView.swift */ = {isa = PBXFileReference; lastKnownFileType = sourcecode.swift; path = RootView.swift; sourceTree = "<group>"; };
		97F812702F9468CE0068A42A /* RouteDetailView.swift */ = {isa = PBXFileReference; lastKnownFileType = sourcecode.swift; path = RouteDetailView.swift; sourceTree = "<group>"; };
		97F812712F9468CE0068A42A /* RouteLibraryView.swift */ = {isa = PBXFileReference; lastKnownFileType = sourcecode.swift; path = RouteLibraryView.swift; sourceTree = "<group>"; };
		97F812722F9468CE0068A42A /* SettingsView.swift */ = {isa = PBXFileReference; lastKnownFileType = sourcecode.swift; path = SettingsView.swift; sourceTree = "<group>"; };
		97F812742F9468CE0068A42A /* VeloGPXApp.swift */ = {isa = PBXFileReference; lastKnownFileType = sourcecode.swift; path = VeloGPXApp.swift; sourceTree = "<group>"; };
		97F812762F9468CE0068A42A /* CLLocationCoordinate2D+Extensions.swift */ = {isa = PBXFileReference; lastKnownFileType = sourcecode.swift; path = "CLLocationCoordinate2D+Extensions.swift"; sourceTree = "<group>"; };
		97F812782F9468CE0068A42A /* POIModel.swift */ = {isa = PBXFileReference; lastKnownFileType = sourcecode.swift; path = POIModel.swift; sourceTree = "<group>"; };
		97F812792F9468CE0068A42A /* RideState.swift */ = {isa = PBXFileReference; lastKnownFileType = sourcecode.swift; path = RideState.swift; sourceTree = "<group>"; };
		97F8127A2F9468CE0068A42A /* RouteModel.swift */ = {isa = PBXFileReference; lastKnownFileType = sourcecode.swift; path = RouteModel.swift; sourceTree = "<group>"; };
		97F8127B2F9468CE0068A42A /* WatchRideSummary.swift */ = {isa = PBXFileReference; lastKnownFileType = sourcecode.swift; path = WatchRideSummary.swift; sourceTree = "<group>"; };
		97F8127D2F9468CE0068A42A /* GeoJSONParser.swift */ = {isa = PBXFileReference; lastKnownFileType = sourcecode.swift; path = GeoJSONParser.swift; sourceTree = "<group>"; };
		97F8127E2F9468CE0068A42A /* GPXParser.swift */ = {isa = PBXFileReference; lastKnownFileType = sourcecode.swift; path = GPXParser.swift; sourceTree = "<group>"; };
		97F812812F9468CE0068A42A /* WatchRideView.swift */ = {isa = PBXFileReference; lastKnownFileType = sourcecode.swift; path = WatchRideView.swift; sourceTree = "<group>"; };
		97F812832F9468CE0068A42A /* VeloGPXWatchApp.swift */ = {isa = PBXFileReference; lastKnownFileType = sourcecode.swift; path = VeloGPXWatchApp.swift; sourceTree = "<group>"; };
		97F812842F9468CE0068A42A /* WatchRideStore.swift */ = {isa = PBXFileReference; lastKnownFileType = sourcecode.swift; path = WatchRideStore.swift; sourceTree = "<group>"; };
		97F8129C2F9469470068A42A /* VeloGPXWatch Watch App.app */ = {isa = PBXFileReference; explicitFileType = wrapper.application; includeInIndex = 0; path = "VeloGPXWatch Watch App.app"; sourceTree = BUILT_PRODUCTS_DIR; };
		97F812B72F9480CA0068A42A /* VeloGPX-Info.plist */ = {isa = PBXFileReference; lastKnownFileType = text.plist; path = "VeloGPX-Info.plist"; sourceTree = "<group>"; };
		97F812B82F948CB00068A42A /* RideSessionStore.swift (corrected section) */ = {isa = PBXFileReference; lastKnownFileType = text; path = "RideSessionStore.swift (corrected section)"; sourceTree = "<group>"; };
/* End PBXFileReference section */

/* Begin PBXFileSystemSynchronizedBuildFileExceptionSet section */
		972D59012FB3F98300B5BD63 /* Exceptions for "VeloGPXLiveActivity" folder in "VeloGPXLiveActivityExtension" target */ = {
			isa = PBXFileSystemSynchronizedBuildFileExceptionSet;
			membershipExceptions = (
				Info.plist,
			);
			target = 972D58ED2FB3F98300B5BD63 /* VeloGPXLiveActivityExtension */;
		};
/* End PBXFileSystemSynchronizedBuildFileExceptionSet section */

/* Begin PBXFileSystemSynchronizedRootGroup section */
		972D58F42FB3F98300B5BD63 /* VeloGPXLiveActivity */ = {
			isa = PBXFileSystemSynchronizedRootGroup;
			exceptions = (
				972D59012FB3F98300B5BD63 /* Exceptions for "VeloGPXLiveActivity" folder in "VeloGPXLiveActivityExtension" target */,
			);
			path = VeloGPXLiveActivity;
			sourceTree = "<group>";
		};
		97F8129D2F9469470068A42A /* VeloGPXWatch Watch App */ = {
			isa = PBXFileSystemSynchronizedRootGroup;
			path = "VeloGPXWatch Watch App";
			sourceTree = "<group>";
		};
/* End PBXFileSystemSynchronizedRootGroup section */

/* Begin PBXFrameworksBuildPhase section */
		972D58EB2FB3F98300B5BD63 /* Frameworks */ = {
			isa = PBXFrameworksBuildPhase;
			buildActionMask = 2147483647;
			files = (
				972D58F32FB3F98300B5BD63 /* SwiftUI.framework in Frameworks */,
				972D58F12FB3F98300B5BD63 /* WidgetKit.framework in Frameworks */,
			);
			runOnlyForDeploymentPostprocessing = 0;
		};
		97F812582F9468570068A42A /* Frameworks */ = {
			isa = PBXFrameworksBuildPhase;
			buildActionMask = 2147483647;
			files = (
				972D59552FB4247200B5BD63 /* CoreMotion.framework in Frameworks */,
				9718C64D2FB6B142005E6AC8 /* FoundationModels.framework in Frameworks */,
			);
			runOnlyForDeploymentPostprocessing = 0;
		};
		97F812992F9469470068A42A /* Frameworks */ = {
			isa = PBXFrameworksBuildPhase;
			buildActionMask = 2147483647;
			files = (
			);
			runOnlyForDeploymentPostprocessing = 0;
		};
/* End PBXFrameworksBuildPhase section */

/* Begin PBXGroup section */
		972D58EF2FB3F98300B5BD63 /* Frameworks */ = {
			isa = PBXGroup;
			children = (
				9718C64C2FB6B142005E6AC8 /* FoundationModels.framework */,
				972D59542FB4247200B5BD63 /* CoreMotion.framework */,
				972D58F02FB3F98300B5BD63 /* WidgetKit.framework */,
				972D58F22FB3F98300B5BD63 /* SwiftUI.framework */,
			);
			name = Frameworks;
			sourceTree = "<group>";
		};
		978915652F9DDB8C0047D8F7 /* Managers */ = {
			isa = PBXGroup;
			children = (
				978915642F9DDB8C0047D8F7 /* LocalizationManager.swift */,
			);
			path = Managers;
			sourceTree = "<group>";
		};
		9789157C2F9DF86B0047D8F7 /* Services */ = {
			isa = PBXGroup;
			children = (
				97A92E882FC1591400771B9F /* DrawRouteEngine.swift */,
				97A92E682FB92C5300771B9F /* PlanAssistantEngine.swift */,
				97A92E582FB92A7E00771B9F /* RidePlanIntent+Generable.swift */,
				9718C64E2FB6B1B9005E6AC8 /* POIRankingEngine.swift */,
				9718C64F2FB6B1B9005E6AC8 /* RideSummaryGenerator.swift */,
				9718C6502FB6B1B9005E6AC8 /* RouteNameSuggester.swift */,
				9718C6512FB6B1B9005E6AC8 /* VeloAI.swift */,
				97974C1C2FB43A5C007E330B /* MKMapItem+POI.swift */,
				978915A52F9EF24F0047D8F7 /* PlanRouteEngine.swift */,
				978915782F9DF86B0047D8F7 /* CyclingRouteService.swift */,
				978915792F9DF86B0047D8F7 /* PlaceDescriptorService.swift */,
				9789157A2F9DF86B0047D8F7 /* POISearchService.swift */,
			);
			path = Services;
			sourceTree = "<group>";
		};
		9789159D2F9E794B0047D8F7 /* Resources */ = {
			isa = PBXGroup;
			children = (
				9789159C2F9E794B0047D8F7 /* Localizable.strings */,
			);
			path = Resources;
			sourceTree = SOURCE_ROOT;
		};
		978915B12F9EF7540047D8F7 /* Models */ = {
			isa = PBXGroup;
			children = (
				978915B52F9F15960047D8F7 /* POISpur.swift */,
				978915B02F9EF7540047D8F7 /* PlanState.swift */,
			);
			path = Models;
			sourceTree = "<group>";
		};
		97F812522F9468570068A42A = {
			isa = PBXGroup;
			children = (
				97F812B72F9480CA0068A42A /* VeloGPX-Info.plist */,
				97F812752F9468CE0068A42A /* iPhone */,
				97F812802F9468CE0068A42A /* Shared */,
				97F812852F9468CE0068A42A /* Watch */,
				97F8129D2F9469470068A42A /* VeloGPXWatch Watch App */,
				972D58F42FB3F98300B5BD63 /* VeloGPXLiveActivity */,
				972D58EF2FB3F98300B5BD63 /* Frameworks */,
				97F8125C2F9468570068A42A /* Products */,
			);
			sourceTree = "<group>";
		};
		97F8125C2F9468570068A42A /* Products */ = {
			isa = PBXGroup;
			children = (
				97F8125B2F9468570068A42A /* VeloGPX.app */,
				97F8129C2F9469470068A42A /* VeloGPXWatch Watch App.app */,
				972D58EE2FB3F98300B5BD63 /* VeloGPXLiveActivityExtension.appex */,
			);
			name = Products;
			sourceTree = "<group>";
		};
		97F8126D2F9468CE0068A42A /* Stores */ = {
			isa = PBXGroup;
			children = (
				978915B32F9F15560047D8F7 /* RideSessionStore+Spurs.swift */,
				978915532F9DC7180047D8F7 /* RideHistoryStore.swift */,
				97F8126B2F9468CE0068A42A /* RideSessionStore.swift */,
				97F8126C2F9468CE0068A42A /* RouteStore.swift */,
			);
			path = Stores;
			sourceTree = "<group>";
		};
		97F812732F9468CE0068A42A /* Views */ = {
			isa = PBXGroup;
			children = (
				97A92E6A2FB9313F00771B9F /* RidePlanAssistantView.swift */,
				972D58E82FA6F99D00B5BD63 /* PreRidePOISheet.swift */,
				978915A92F9EF2730047D8F7 /* WaypointListSheet.swift */,
				978915A72F9EF2610047D8F7 /* PlanView.swift */,
				978915572F9DC8710047D8F7 /* RideHistoryDetailView.swift */,
				978915582F9DC8710047D8F7 /* RideHistoryView.swift */,
				978915592F9DC8710047D8F7 /* ShareableRideCard.swift */,
				978915512F9D64D00047D8F7 /* RideSummaryView.swift */,
				978915212F9C9AF30047D8F7 /* NearbySearchSheet.swift */,
				978915232F9C9AF30047D8F7 /* POIDiscoverySheet.swift */,
				97F8126E2F9468CE0068A42A /* RideView.swift */,
				97F8126F2F9468CE0068A42A /* RootView.swift */,
				97F812702F9468CE0068A42A /* RouteDetailView.swift */,
				97F812712F9468CE0068A42A /* RouteLibraryView.swift */,
				97F812722F9468CE0068A42A /* SettingsView.swift */,
			);
			path = Views;
			sourceTree = "<group>";
		};
		97F812752F9468CE0068A42A /* iPhone */ = {
			isa = PBXGroup;
			children = (
				978915B12F9EF7540047D8F7 /* Models */,
				9789159D2F9E794B0047D8F7 /* Resources */,
				9789157C2F9DF86B0047D8F7 /* Services */,
				97F8126D2F9468CE0068A42A /* Stores */,
				97F812732F9468CE0068A42A /* Views */,
				97F812742F9468CE0068A42A /* VeloGPXApp.swift */,
				9789152B2F9D20410047D8F7 /* Assets.xcassets */,
			);
			path = iPhone;
			sourceTree = "<group>";
		};
		97F812772F9468CE0068A42A /* Extensions */ = {
			isa = PBXGroup;
			children = (
				9789155D2F9DD0080047D8F7 /* TimeInterval+Formatting.swift */,
				97F812762F9468CE0068A42A /* CLLocationCoordinate2D+Extensions.swift */,
			);
			path = Extensions;
			sourceTree = "<group>";
		};
		97F8127C2F9468CE0068A42A /* Models */ = {
			isa = PBXGroup;
			children = (
				97974C1E2FB56F46007E330B /* POIModel+MapKit.swift */,
				978915552F9DC81A0047D8F7 /* PersistedRideSummary.swift */,
				9789154B2F9D64890047D8F7 /* RideSummary.swift */,
				97F812782F9468CE0068A42A /* POIModel.swift */,
				97F812792F9468CE0068A42A /* RideState.swift */,
				97F8127A2F9468CE0068A42A /* RouteModel.swift */,
				97F8127B2F9468CE0068A42A /* WatchRideSummary.swift */,
			);
			path = Models;
			sourceTree = "<group>";
		};
		97F8127F2F9468CE0068A42A /* Parsers */ = {
			isa = PBXGroup;
			children = (
				97F8127D2F9468CE0068A42A /* GeoJSONParser.swift */,
				97F8127E2F9468CE0068A42A /* GPXParser.swift */,
			);
			path = Parsers;
			sourceTree = "<group>";
		};
		97F812802F9468CE0068A42A /* Shared */ = {
			isa = PBXGroup;
			children = (
				972D59142FB3FB6200B5BD63 /* RideActivityAttributes.swift */,
				978915652F9DDB8C0047D8F7 /* Managers */,
				9789154E2F9D64A40047D8F7 /* GPXExporter.swift */,
				97F812772F9468CE0068A42A /* Extensions */,
				97F8127C2F9468CE0068A42A /* Models */,
				97F8127F2F9468CE0068A42A /* Parsers */,
			);
			path = Shared;
			sourceTree = "<group>";
		};
		97F812822F9468CE0068A42A /* Views */ = {
			isa = PBXGroup;
			children = (
				97F812812F9468CE0068A42A /* WatchRideView.swift */,
			);
			path = Views;
			sourceTree = "<group>";
		};
		97F812852F9468CE0068A42A /* Watch */ = {
			isa = PBXGroup;
			children = (
				97F812822F9468CE0068A42A /* Views */,
				97F812832F9468CE0068A42A /* VeloGPXWatchApp.swift */,
				97F812842F9468CE0068A42A /* WatchRideStore.swift */,
				97F812B82F948CB00068A42A /* RideSessionStore.swift (corrected section) */,
			);
			path = Watch;
			sourceTree = "<group>";
		};
/* End PBXGroup section */

/* Begin PBXNativeTarget section */
		972D58ED2FB3F98300B5BD63 /* VeloGPXLiveActivityExtension */ = {
			isa = PBXNativeTarget;
			buildConfigurationList = 972D59022FB3F98300B5BD63 /* Build configuration list for PBXNativeTarget "VeloGPXLiveActivityExtension" */;
			buildPhases = (
				972D58EA2FB3F98300B5BD63 /* Sources */,
				972D58EB2FB3F98300B5BD63 /* Frameworks */,
				972D58EC2FB3F98300B5BD63 /* Resources */,
			);
			buildRules = (
			);
			dependencies = (
			);
			fileSystemSynchronizedGroups = (
				972D58F42FB3F98300B5BD63 /* VeloGPXLiveActivity */,
			);
			name = VeloGPXLiveActivityExtension;
			packageProductDependencies = (
			);
			productName = VeloGPXLiveActivityExtension;
			productReference = 972D58EE2FB3F98300B5BD63 /* VeloGPXLiveActivityExtension.appex */;
			productType = "com.apple.product-type.app-extension";
		};
		97F8125A2F9468570068A42A /* VeloGPX */ = {
			isa = PBXNativeTarget;
			buildConfigurationList = 97F812682F9468580068A42A /* Build configuration list for PBXNativeTarget "VeloGPX" */;
			buildPhases = (
				97F812572F9468570068A42A /* Sources */,
				97F812582F9468570068A42A /* Frameworks */,
				97F812592F9468570068A42A /* Resources */,
				97F812AA2F9469480068A42A /* Embed Watch Content */,
				972D59052FB3F98300B5BD63 /* Embed Foundation Extensions */,
			);
			buildRules = (
			);
			dependencies = (
				97F812A52F9469480068A42A /* PBXTargetDependency */,
				972D58FF2FB3F98300B5BD63 /* PBXTargetDependency */,
			);
			name = VeloGPX;
			packageProductDependencies = (
			);
			productName = VeloGPX;
			productReference = 97F8125B2F9468570068A42A /* VeloGPX.app */;
			productType = "com.apple.product-type.application";
		};
		97F8129B2F9469470068A42A /* VeloGPXWatch Watch App */ = {
			isa = PBXNativeTarget;
			buildConfigurationList = 97F812A72F9469480068A42A /* Build configuration list for PBXNativeTarget "VeloGPXWatch Watch App" */;
			buildPhases = (
				97F812982F9469470068A42A /* Sources */,
				97F812992F9469470068A42A /* Frameworks */,
				97F8129A2F9469470068A42A /* Resources */,
			);
			buildRules = (
			);
			dependencies = (
			);
			fileSystemSynchronizedGroups = (
				97F8129D2F9469470068A42A /* VeloGPXWatch Watch App */,
			);
			name = "VeloGPXWatch Watch App";
			packageProductDependencies = (
			);
			productName = "VeloGPXWatch Watch App";
			productReference = 97F8129C2F9469470068A42A /* VeloGPXWatch Watch App.app */;
			productType = "com.apple.product-type.application";
		};
/* End PBXNativeTarget section */

/* Begin PBXProject section */
		97F812532F9468570068A42A /* Project object */ = {
			isa = PBXProject;
			attributes = {
				BuildIndependentTargetsInParallel = 1;
				LastSwiftUpdateCheck = 2640;
				LastUpgradeCheck = 2650;
				TargetAttributes = {
					972D58ED2FB3F98300B5BD63 = {
						CreatedOnToolsVersion = 26.4.1;
					};
					97F8125A2F9468570068A42A = {
						CreatedOnToolsVersion = 26.4.1;
					};
					97F8129B2F9469470068A42A = {
						CreatedOnToolsVersion = 26.4.1;
					};
				};
			};
			buildConfigurationList = 97F812562F9468570068A42A /* Build configuration list for PBXProject "VeloGPX" */;
			developmentRegion = en;
			hasScannedForEncodings = 0;
			knownRegions = (
				en,
				Base,
				de,
				ar,
				"zh-Hans",
				ja,
				nb,
				es,
				da,
				it,
				sv,
				ko,
				pl,
				fr,
				nl,
				pt,
			);
			mainGroup = 97F812522F9468570068A42A;
			minimizedProjectReferenceProxies = 1;
			preferredProjectObjectVersion = 77;
			productRefGroup = 97F8125C2F9468570068A42A /* Products */;
			projectDirPath = "";
			projectRoot = "";
			targets = (
				97F8125A2F9468570068A42A /* VeloGPX */,
				97F8129B2F9469470068A42A /* VeloGPXWatch Watch App */,
				972D58ED2FB3F98300B5BD63 /* VeloGPXLiveActivityExtension */,
			);
		};
/* End PBXProject section */

/* Begin PBXResourcesBuildPhase section */
		972D58EC2FB3F98300B5BD63 /* Resources */ = {
			isa = PBXResourcesBuildPhase;
			buildActionMask = 2147483647;
			files = (
			);
			runOnlyForDeploymentPostprocessing = 0;
		};
		97F812592F9468570068A42A /* Resources */ = {
			isa = PBXResourcesBuildPhase;
			buildActionMask = 2147483647;
			files = (
				9789152C2F9D20410047D8F7 /* Assets.xcassets in Resources */,
				9789159E2F9E794B0047D8F7 /* Localizable.strings in Resources */,
			);
			runOnlyForDeploymentPostprocessing = 0;
		};
		97F8129A2F9469470068A42A /* Resources */ = {
			isa = PBXResourcesBuildPhase;
			buildActionMask = 2147483647;
			files = (
			);
			runOnlyForDeploymentPostprocessing = 0;
		};
/* End PBXResourcesBuildPhase section */

/* Begin PBXSourcesBuildPhase section */
		972D58EA2FB3F98300B5BD63 /* Sources */ = {
			isa = PBXSourcesBuildPhase;
			buildActionMask = 2147483647;
			files = (
				972D59162FB3FB6200B5BD63 /* RideActivityAttributes.swift in Sources */,
			);
			runOnlyForDeploymentPostprocessing = 0;
		};
		97F812572F9468570068A42A /* Sources */ = {
			isa = PBXSourcesBuildPhase;
			buildActionMask = 2147483647;
			files = (
				9718C6522FB6B1B9005E6AC8 /* POIRankingEngine.swift in Sources */,
				9718C6532FB6B1B9005E6AC8 /* RouteNameSuggester.swift in Sources */,
				9718C6542FB6B1B9005E6AC8 /* RideSummaryGenerator.swift in Sources */,
				97A92E592FB92A7E00771B9F /* RidePlanIntent+Generable.swift in Sources */,
				9718C6552FB6B1B9005E6AC8 /* VeloAI.swift in Sources */,
				97F812862F9468CE0068A42A /* GeoJSONParser.swift in Sources */,
				97F812872F9468CE0068A42A /* RootView.swift in Sources */,
				978915562F9DC81A0047D8F7 /* PersistedRideSummary.swift in Sources */,
				9789154F2F9D64A40047D8F7 /* GPXExporter.swift in Sources */,
				978915B42F9F15560047D8F7 /* RideSessionStore+Spurs.swift in Sources */,
				97F812882F9468CE0068A42A /* RouteModel.swift in Sources */,
				97F812892F9468CE0068A42A /* WatchRideSummary.swift in Sources */,
				97F8128B2F9468CE0068A42A /* CLLocationCoordinate2D+Extensions.swift in Sources */,
				978915662F9DDB8C0047D8F7 /* LocalizationManager.swift in Sources */,
				972D59152FB3FB6200B5BD63 /* RideActivityAttributes.swift in Sources */,
				97974C1F2FB56F46007E330B /* POIModel+MapKit.swift in Sources */,
				978915522F9D64D00047D8F7 /* RideSummaryView.swift in Sources */,
				97F8128C2F9468CE0068A42A /* VeloGPXApp.swift in Sources */,
				9789154D2F9D64890047D8F7 /* RideSummary.swift in Sources */,
				97A92E692FB92C5300771B9F /* PlanAssistantEngine.swift in Sources */,
				97F8128D2F9468CE0068A42A /* POIModel.swift in Sources */,
				97F8128F2F9468CE0068A42A /* RouteLibraryView.swift in Sources */,
				978915542F9DC7180047D8F7 /* RideHistoryStore.swift in Sources */,
				978915252F9C9AF30047D8F7 /* NearbySearchSheet.swift in Sources */,
				978915262F9C9AF30047D8F7 /* POIDiscoverySheet.swift in Sources */,
				97F812902F9468CE0068A42A /* RideSessionStore.swift in Sources */,
				9789155A2F9DC8710047D8F7 /* RideHistoryView.swift in Sources */,
				9789155B2F9DC8710047D8F7 /* ShareableRideCard.swift in Sources */,
				9789155C2F9DC8710047D8F7 /* RideHistoryDetailView.swift in Sources */,
				978915A82F9EF2610047D8F7 /* PlanView.swift in Sources */,
				97F812922F9468CE0068A42A /* RouteDetailView.swift in Sources */,
				978915B62F9F15960047D8F7 /* POISpur.swift in Sources */,
				972D58E92FA6F99D00B5BD63 /* PreRidePOISheet.swift in Sources */,
				978915AA2F9EF2730047D8F7 /* WaypointListSheet.swift in Sources */,
				9789155E2F9DD0080047D8F7 /* TimeInterval+Formatting.swift in Sources */,
				97A92E892FC1591400771B9F /* DrawRouteEngine.swift in Sources */,
				97F812932F9468CE0068A42A /* RideView.swift in Sources */,
				97F812942F9468CE0068A42A /* RideState.swift in Sources */,
				97974C1D2FB43A5C007E330B /* MKMapItem+POI.swift in Sources */,
				97F812952F9468CE0068A42A /* RouteStore.swift in Sources */,
				9789157E2F9DF86B0047D8F7 /* PlaceDescriptorService.swift in Sources */,
				97A92E6B2FB9313F00771B9F /* RidePlanAssistantView.swift in Sources */,
				9789157F2F9DF86B0047D8F7 /* POISearchService.swift in Sources */,
				978915B22F9EF7540047D8F7 /* PlanState.swift in Sources */,
				978915802F9DF86B0047D8F7 /* CyclingRouteService.swift in Sources */,
				97F812962F9468CE0068A42A /* SettingsView.swift in Sources */,
				97F812972F9468CE0068A42A /* GPXParser.swift in Sources */,
				978915A62F9EF24F0047D8F7 /* PlanRouteEngine.swift in Sources */,
			);
			runOnlyForDeploymentPostprocessing = 0;
		};
		97F812982F9469470068A42A /* Sources */ = {
			isa = PBXSourcesBuildPhase;
			buildActionMask = 2147483647;
			files = (
				97F812B42F9470660068A42A /* WatchRideSummary.swift in Sources */,
				97F812AF2F9470400068A42A /* VeloGPXWatchApp.swift in Sources */,
				97F812B62F9470700068A42A /* GPXParser.swift in Sources */,
				9789154C2F9D64890047D8F7 /* RideSummary.swift in Sources */,
				9789155F2F9DD0080047D8F7 /* TimeInterval+Formatting.swift in Sources */,
				97F812B02F94704F0068A42A /* CLLocationCoordinate2D+Extensions.swift in Sources */,
				97F812AE2F94702E0068A42A /* WatchRideView.swift in Sources */,
				97F812B32F9470600068A42A /* RouteModel.swift in Sources */,
				97F812B52F94706B0068A42A /* GeoJSONParser.swift in Sources */,
				978915672F9DDB8C0047D8F7 /* LocalizationManager.swift in Sources */,
				978915502F9D64A40047D8F7 /* GPXExporter.swift in Sources */,
				97F812B12F9470550068A42A /* POIModel.swift in Sources */,
				97F812AD2F94701E0068A42A /* WatchRideStore.swift in Sources */,
				97F812B22F94705A0068A42A /* RideState.swift in Sources */,
			);
			runOnlyForDeploymentPostprocessing = 0;
		};
/* End PBXSourcesBuildPhase section */

/* Begin PBXTargetDependency section */
		972D58FF2FB3F98300B5BD63 /* PBXTargetDependency */ = {
			isa = PBXTargetDependency;
			target = 972D58ED2FB3F98300B5BD63 /* VeloGPXLiveActivityExtension */;
			targetProxy = 972D58FE2FB3F98300B5BD63 /* PBXContainerItemProxy */;
		};
		97F812A52F9469480068A42A /* PBXTargetDependency */ = {
			isa = PBXTargetDependency;
			target = 97F8129B2F9469470068A42A /* VeloGPXWatch Watch App */;
			targetProxy = 97F812A42F9469480068A42A /* PBXContainerItemProxy */;
		};
/* End PBXTargetDependency section */

/* Begin PBXVariantGroup section */
		9789159C2F9E794B0047D8F7 /* Localizable.strings */ = {
			isa = PBXVariantGroup;
			children = (
				9789158D2F9E794B0047D8F7 /* en */,
				9789158E2F9E794B0047D8F7 /* ar */,
				9789158F2F9E794B0047D8F7 /* da */,
				978915902F9E794B0047D8F7 /* de */,
				978915912F9E794B0047D8F7 /* es */,
				978915922F9E794B0047D8F7 /* fr */,
				978915932F9E794B0047D8F7 /* it */,
				978915942F9E794B0047D8F7 /* ja */,
				978915952F9E794B0047D8F7 /* ko */,
				978915962F9E794B0047D8F7 /* nb */,
				978915972F9E794B0047D8F7 /* nl */,
				978915982F9E794B0047D8F7 /* pl */,
				978915992F9E794B0047D8F7 /* pt */,
				9789159A2F9E794B0047D8F7 /* sv */,
				9789159B2F9E794B0047D8F7 /* zh-Hans */,
			);
			name = Localizable.strings;
			sourceTree = "<group>";
		};
/* End PBXVariantGroup section */

/* Begin XCBuildConfiguration section */
		972D59032FB3F98300B5BD63 /* Debug */ = {
			isa = XCBuildConfiguration;
			buildSettings = {
				ASSETCATALOG_COMPILER_GLOBAL_ACCENT_COLOR_NAME = AccentColor;
				ASSETCATALOG_COMPILER_WIDGET_BACKGROUND_COLOR_NAME = WidgetBackground;
				CODE_SIGN_STYLE = Automatic;
				CURRENT_PROJECT_VERSION = 3;
				DEVELOPMENT_TEAM = DCMGV2B253;
				GENERATE_INFOPLIST_FILE = YES;
				INFOPLIST_FILE = VeloGPXLiveActivity/Info.plist;
				INFOPLIST_KEY_CFBundleDisplayName = VeloGPXLiveActivity;
				INFOPLIST_KEY_NSHumanReadableCopyright = "";
				INFOPLIST_KEY_NSSupportsLiveActivities = YES;
				IPHONEOS_DEPLOYMENT_TARGET = 26.0;
				LD_RUNPATH_SEARCH_PATHS = (
					"$(inherited)",
					"@executable_path/Frameworks",
					"@executable_path/../../Frameworks",
				);
				MARKETING_VERSION = 1.2;
				PRODUCT_BUNDLE_IDENTIFIER = jvic.VeloGPX.VeloGPXLiveActivity;
				PRODUCT_NAME = "$(TARGET_NAME)";
				SDKROOT = iphoneos;
				SKIP_INSTALL = YES;
				STRING_CATALOG_GENERATE_SYMBOLS = YES;
				SWIFT_APPROACHABLE_CONCURRENCY = YES;
				SWIFT_EMIT_LOC_STRINGS = YES;
				SWIFT_UPCOMING_FEATURE_MEMBER_IMPORT_VISIBILITY = YES;
				SWIFT_VERSION = 5.0;
				TARGETED_DEVICE_FAMILY = "1,2";
			};
			name = Debug;
		};
		972D59042FB3F98300B5BD63 /* Release */ = {
			isa = XCBuildConfiguration;
			buildSettings = {
				ASSETCATALOG_COMPILER_GLOBAL_ACCENT_COLOR_NAME = AccentColor;
				ASSETCATALOG_COMPILER_WIDGET_BACKGROUND_COLOR_NAME = WidgetBackground;
				CODE_SIGN_STYLE = Automatic;
				CURRENT_PROJECT_VERSION = 3;
				DEVELOPMENT_TEAM = DCMGV2B253;
				GENERATE_INFOPLIST_FILE = YES;
				INFOPLIST_FILE = VeloGPXLiveActivity/Info.plist;
				INFOPLIST_KEY_CFBundleDisplayName = VeloGPXLiveActivity;
				INFOPLIST_KEY_NSHumanReadableCopyright = "";
				INFOPLIST_KEY_NSSupportsLiveActivities = YES;
				IPHONEOS_DEPLOYMENT_TARGET = 26.0;
				LD_RUNPATH_SEARCH_PATHS = (
					"$(inherited)",
					"@executable_path/Frameworks",
					"@executable_path/../../Frameworks",
				);
				MARKETING_VERSION = 1.2;
				PRODUCT_BUNDLE_IDENTIFIER = jvic.VeloGPX.VeloGPXLiveActivity;
				PRODUCT_NAME = "$(TARGET_NAME)";
				SDKROOT = iphoneos;
				SKIP_INSTALL = YES;
				STRING_CATALOG_GENERATE_SYMBOLS = YES;
				SWIFT_APPROACHABLE_CONCURRENCY = YES;
				SWIFT_EMIT_LOC_STRINGS = YES;
				SWIFT_UPCOMING_FEATURE_MEMBER_IMPORT_VISIBILITY = YES;
				SWIFT_VERSION = 5.0;
				TARGETED_DEVICE_FAMILY = "1,2";
				VALIDATE_PRODUCT = YES;
			};
			name = Release;
		};
		97F812662F9468580068A42A /* Debug */ = {
			isa = XCBuildConfiguration;
			buildSettings = {
				ALWAYS_SEARCH_USER_PATHS = NO;
				ASSETCATALOG_COMPILER_GENERATE_SWIFT_ASSET_SYMBOL_EXTENSIONS = YES;
				CLANG_ANALYZER_LOCALIZABILITY_NONLOCALIZED = YES;
				CLANG_ANALYZER_NONNULL = YES;
				CLANG_ANALYZER_NUMBER_OBJECT_CONVERSION = YES_AGGRESSIVE;
				CLANG_CXX_LANGUAGE_STANDARD = "gnu++20";
				CLANG_ENABLE_MODULES = YES;
				CLANG_ENABLE_OBJC_ARC = YES;
				CLANG_ENABLE_OBJC_WEAK = YES;
				CLANG_WARN_BLOCK_CAPTURE_AUTORELEASING = YES;
				CLANG_WARN_BOOL_CONVERSION = YES;
				CLANG_WARN_COMMA = YES;
				CLANG_WARN_CONSTANT_CONVERSION = YES;
				CLANG_WARN_DEPRECATED_OBJC_IMPLEMENTATIONS = YES;
				CLANG_WARN_DIRECT_OBJC_ISA_USAGE = YES_ERROR;
				CLANG_WARN_DOCUMENTATION_COMMENTS = YES;
				CLANG_WARN_EMPTY_BODY = YES;
				CLANG_WARN_ENUM_CONVERSION = YES;
				CLANG_WARN_INFINITE_RECURSION = YES;
				CLANG_WARN_INT_CONVERSION = YES;
				CLANG_WARN_NON_LITERAL_NULL_CONVERSION = YES;
				CLANG_WARN_OBJC_IMPLICIT_RETAIN_SELF = YES;
				CLANG_WARN_OBJC_LITERAL_CONVERSION = YES;
				CLANG_WARN_OBJC_ROOT_CLASS = YES_ERROR;
				CLANG_WARN_QUOTED_INCLUDE_IN_FRAMEWORK_HEADER = YES;
				CLANG_WARN_RANGE_LOOP_ANALYSIS = YES;
				CLANG_WARN_STRICT_PROTOTYPES = YES;
				CLANG_WARN_SUSPICIOUS_MOVE = YES;
				CLANG_WARN_UNGUARDED_AVAILABILITY = YES_AGGRESSIVE;
				CLANG_WARN_UNREACHABLE_CODE = YES;
				CLANG_WARN__DUPLICATE_METHOD_MATCH = YES;
				COPY_PHASE_STRIP = NO;
				DEAD_CODE_STRIPPING = YES;
				DEBUG_INFORMATION_FORMAT = dwarf;
				DEVELOPMENT_TEAM = DCMGV2B253;
				ENABLE_STRICT_OBJC_MSGSEND = YES;
				ENABLE_TESTABILITY = YES;
				ENABLE_USER_SCRIPT_SANDBOXING = YES;
				GCC_C_LANGUAGE_STANDARD = gnu17;
				GCC_DYNAMIC_NO_PIC = NO;
				GCC_NO_COMMON_BLOCKS = YES;
				GCC_OPTIMIZATION_LEVEL = 0;
				GCC_PREPROCESSOR_DEFINITIONS = (
					"DEBUG=1",
					"$(inherited)",
				);
				GCC_WARN_64_TO_32_BIT_CONVERSION = YES;
				GCC_WARN_ABOUT_RETURN_TYPE = YES_ERROR;
				GCC_WARN_UNDECLARED_SELECTOR = YES;
				GCC_WARN_UNINITIALIZED_AUTOS = YES_AGGRESSIVE;
				GCC_WARN_UNUSED_FUNCTION = YES;
				GCC_WARN_UNUSED_VARIABLE = YES;
				LOCALIZATION_PREFERS_STRING_CATALOGS = YES;
				MTL_ENABLE_DEBUG_INFO = INCLUDE_SOURCE;
				MTL_FAST_MATH = YES;
				ONLY_ACTIVE_ARCH = YES;
				STRING_CATALOG_GENERATE_SYMBOLS = YES;
				SWIFT_ACTIVE_COMPILATION_CONDITIONS = "DEBUG $(inherited)";
				SWIFT_OPTIMIZATION_LEVEL = "-Onone";
			};
			name = Debug;
		};
		97F812672F9468580068A42A /* Release */ = {
			isa = XCBuildConfiguration;
			buildSettings = {
				ALWAYS_SEARCH_USER_PATHS = NO;
				ASSETCATALOG_COMPILER_GENERATE_SWIFT_ASSET_SYMBOL_EXTENSIONS = YES;
				CLANG_ANALYZER_LOCALIZABILITY_NONLOCALIZED = YES;
				CLANG_ANALYZER_NONNULL = YES;
				CLANG_ANALYZER_NUMBER_OBJECT_CONVERSION = YES_AGGRESSIVE;
				CLANG_CXX_LANGUAGE_STANDARD = "gnu++20";
				CLANG_ENABLE_MODULES = YES;
				CLANG_ENABLE_OBJC_ARC = YES;
				CLANG_ENABLE_OBJC_WEAK = YES;
				CLANG_WARN_BLOCK_CAPTURE_AUTORELEASING = YES;
				CLANG_WARN_BOOL_CONVERSION = YES;
				CLANG_WARN_COMMA = YES;
				CLANG_WARN_CONSTANT_CONVERSION = YES;
				CLANG_WARN_DEPRECATED_OBJC_IMPLEMENTATIONS = YES;
				CLANG_WARN_DIRECT_OBJC_ISA_USAGE = YES_ERROR;
				CLANG_WARN_DOCUMENTATION_COMMENTS = YES;
				CLANG_WARN_EMPTY_BODY = YES;
				CLANG_WARN_ENUM_CONVERSION = YES;
				CLANG_WARN_INFINITE_RECURSION = YES;
				CLANG_WARN_INT_CONVERSION = YES;
				CLANG_WARN_NON_LITERAL_NULL_CONVERSION = YES;
				CLANG_WARN_OBJC_IMPLICIT_RETAIN_SELF = YES;
				CLANG_WARN_OBJC_LITERAL_CONVERSION = YES;
				CLANG_WARN_OBJC_ROOT_CLASS = YES_ERROR;
				CLANG_WARN_QUOTED_INCLUDE_IN_FRAMEWORK_HEADER = YES;
				CLANG_WARN_RANGE_LOOP_ANALYSIS = YES;
				CLANG_WARN_STRICT_PROTOTYPES = YES;
				CLANG_WARN_SUSPICIOUS_MOVE = YES;
				CLANG_WARN_UNGUARDED_AVAILABILITY = YES_AGGRESSIVE;
				CLANG_WARN_UNREACHABLE_CODE = YES;
				CLANG_WARN__DUPLICATE_METHOD_MATCH = YES;
				COPY_PHASE_STRIP = NO;
				DEAD_CODE_STRIPPING = YES;
				DEBUG_INFORMATION_FORMAT = "dwarf-with-dsym";
				DEVELOPMENT_TEAM = DCMGV2B253;
				ENABLE_NS_ASSERTIONS = NO;
				ENABLE_STRICT_OBJC_MSGSEND = YES;
				ENABLE_USER_SCRIPT_SANDBOXING = YES;
				GCC_C_LANGUAGE_STANDARD = gnu17;
				GCC_NO_COMMON_BLOCKS = YES;
				GCC_WARN_64_TO_32_BIT_CONVERSION = YES;
				GCC_WARN_ABOUT_RETURN_TYPE = YES_ERROR;
				GCC_WARN_UNDECLARED_SELECTOR = YES;
				GCC_WARN_UNINITIALIZED_AUTOS = YES_AGGRESSIVE;
				GCC_WARN_UNUSED_FUNCTION = YES;
				GCC_WARN_UNUSED_VARIABLE = YES;
				LOCALIZATION_PREFERS_STRING_CATALOGS = YES;
				MTL_ENABLE_DEBUG_INFO = NO;
				MTL_FAST_MATH = YES;
				STRING_CATALOG_GENERATE_SYMBOLS = YES;
				SWIFT_COMPILATION_MODE = wholemodule;
			};
			name = Release;
		};
		97F812692F9468580068A42A /* Debug */ = {
			isa = XCBuildConfiguration;
			buildSettings = {
				ASSETCATALOG_COMPILER_APPICON_NAME = AppIcon;
				ASSETCATALOG_COMPILER_GLOBAL_ACCENT_COLOR_NAME = AccentColor;
				ASSETCATALOG_COMPILER_INCLUDE_ALL_APPICON_ASSETS = YES;
				CODE_SIGN_STYLE = Automatic;
				CURRENT_PROJECT_VERSION = 3;
				DEAD_CODE_STRIPPING = YES;
				DEVELOPMENT_TEAM = DCMGV2B253;
				ENABLE_APP_SANDBOX = YES;
				ENABLE_HARDENED_RUNTIME = YES;
				ENABLE_PREVIEWS = YES;
				ENABLE_USER_SELECTED_FILES = readonly;
				GENERATE_INFOPLIST_FILE = YES;
				INFOPLIST_FILE = "VeloGPX-Info.plist";
				INFOPLIST_KEY_CFBundleDisplayName = VeloGPX;
				INFOPLIST_KEY_LSApplicationCategoryType = "public.app-category.navigation";
				INFOPLIST_KEY_NSLocationAlwaysAndWhenInUseUsageDescription = "\"VeloGPX uses your location to track rides in the background\"";
				INFOPLIST_KEY_NSLocationWhenInUseUsageDescription = "\"VeloGPX uses your location to track your ride\"";
				"INFOPLIST_KEY_UIApplicationSceneManifest_Generation[sdk=iphoneos*]" = YES;
				"INFOPLIST_KEY_UIApplicationSceneManifest_Generation[sdk=iphonesimulator*]" = YES;
				"INFOPLIST_KEY_UIApplicationSupportsIndirectInputEvents[sdk=iphoneos*]" = YES;
				"INFOPLIST_KEY_UIApplicationSupportsIndirectInputEvents[sdk=iphonesimulator*]" = YES;
				"INFOPLIST_KEY_UILaunchScreen_Generation[sdk=iphoneos*]" = YES;
				"INFOPLIST_KEY_UILaunchScreen_Generation[sdk=iphonesimulator*]" = YES;
				"INFOPLIST_KEY_UIStatusBarStyle[sdk=iphoneos*]" = UIStatusBarStyleDefault;
				"INFOPLIST_KEY_UIStatusBarStyle[sdk=iphonesimulator*]" = UIStatusBarStyleDefault;
				INFOPLIST_KEY_UISupportedInterfaceOrientations_iPad = "UIInterfaceOrientationPortrait UIInterfaceOrientationPortraitUpsideDown UIInterfaceOrientationLandscapeLeft UIInterfaceOrientationLandscapeRight";
				INFOPLIST_KEY_UISupportedInterfaceOrientations_iPhone = "UIInterfaceOrientationPortrait UIInterfaceOrientationLandscapeLeft UIInterfaceOrientationLandscapeRight";
				IPHONEOS_DEPLOYMENT_TARGET = 26.0;
				LD_RUNPATH_SEARCH_PATHS = "@executable_path/Frameworks";
				"LD_RUNPATH_SEARCH_PATHS[sdk=macosx*]" = "@executable_path/../Frameworks";
				MACOSX_DEPLOYMENT_TARGET = 26.4;
				MARKETING_VERSION = 1.2;
				PRODUCT_BUNDLE_IDENTIFIER = jvic.VeloGPX;
				PRODUCT_NAME = "$(TARGET_NAME)";
				REGISTER_APP_GROUPS = YES;
				SDKROOT = auto;
				STRING_CATALOG_GENERATE_SYMBOLS = YES;
				SUPPORTED_PLATFORMS = "iphoneos iphonesimulator";
				SUPPORTS_MACCATALYST = NO;
				SWIFT_APPROACHABLE_CONCURRENCY = YES;
				SWIFT_DEFAULT_ACTOR_ISOLATION = MainActor;
				SWIFT_EMIT_LOC_STRINGS = YES;
				SWIFT_UPCOMING_FEATURE_MEMBER_IMPORT_VISIBILITY = YES;
				SWIFT_VERSION = 5.0;
				TARGETED_DEVICE_FAMILY = 1;
				XROS_DEPLOYMENT_TARGET = 26.4;
			};
			name = Debug;
		};
		97F8126A2F9468580068A42A /* Release */ = {
			isa = XCBuildConfiguration;
			buildSettings = {
				ASSETCATALOG_COMPILER_APPICON_NAME = AppIcon;
				ASSETCATALOG_COMPILER_GLOBAL_ACCENT_COLOR_NAME = AccentColor;
				ASSETCATALOG_COMPILER_INCLUDE_ALL_APPICON_ASSETS = YES;
				CODE_SIGN_STYLE = Automatic;
				CURRENT_PROJECT_VERSION = 3;
				DEAD_CODE_STRIPPING = YES;
				DEVELOPMENT_TEAM = DCMGV2B253;
				ENABLE_APP_SANDBOX = YES;
				ENABLE_HARDENED_RUNTIME = YES;
				ENABLE_PREVIEWS = YES;
				ENABLE_USER_SELECTED_FILES = readonly;
				GENERATE_INFOPLIST_FILE = YES;
				INFOPLIST_FILE = "VeloGPX-Info.plist";
				INFOPLIST_KEY_CFBundleDisplayName = VeloGPX;
				INFOPLIST_KEY_LSApplicationCategoryType = "public.app-category.navigation";
				INFOPLIST_KEY_NSLocationAlwaysAndWhenInUseUsageDescription = "\"VeloGPX uses your location to track rides in the background\"";
				INFOPLIST_KEY_NSLocationWhenInUseUsageDescription = "\"VeloGPX uses your location to track your ride\"";
				"INFOPLIST_KEY_UIApplicationSceneManifest_Generation[sdk=iphoneos*]" = YES;
				"INFOPLIST_KEY_UIApplicationSceneManifest_Generation[sdk=iphonesimulator*]" = YES;
				"INFOPLIST_KEY_UIApplicationSupportsIndirectInputEvents[sdk=iphoneos*]" = YES;
				"INFOPLIST_KEY_UIApplicationSupportsIndirectInputEvents[sdk=iphonesimulator*]" = YES;
				"INFOPLIST_KEY_UILaunchScreen_Generation[sdk=iphoneos*]" = YES;
				"INFOPLIST_KEY_UILaunchScreen_Generation[sdk=iphonesimulator*]" = YES;
				"INFOPLIST_KEY_UIStatusBarStyle[sdk=iphoneos*]" = UIStatusBarStyleDefault;
				"INFOPLIST_KEY_UIStatusBarStyle[sdk=iphonesimulator*]" = UIStatusBarStyleDefault;
				INFOPLIST_KEY_UISupportedInterfaceOrientations_iPad = "UIInterfaceOrientationPortrait UIInterfaceOrientationPortraitUpsideDown UIInterfaceOrientationLandscapeLeft UIInterfaceOrientationLandscapeRight";
				INFOPLIST_KEY_UISupportedInterfaceOrientations_iPhone = "UIInterfaceOrientationPortrait UIInterfaceOrientationLandscapeLeft UIInterfaceOrientationLandscapeRight";
				IPHONEOS_DEPLOYMENT_TARGET = 26.0;
				LD_RUNPATH_SEARCH_PATHS = "@executable_path/Frameworks";
				"LD_RUNPATH_SEARCH_PATHS[sdk=macosx*]" = "@executable_path/../Frameworks";
				MACOSX_DEPLOYMENT_TARGET = 26.4;
				MARKETING_VERSION = 1.2;
				PRODUCT_BUNDLE_IDENTIFIER = jvic.VeloGPX;
				PRODUCT_NAME = "$(TARGET_NAME)";
				REGISTER_APP_GROUPS = YES;
				SDKROOT = auto;
				STRING_CATALOG_GENERATE_SYMBOLS = YES;
				SUPPORTED_PLATFORMS = "iphoneos iphonesimulator";
				SUPPORTS_MACCATALYST = NO;
				SWIFT_APPROACHABLE_CONCURRENCY = YES;
				SWIFT_DEFAULT_ACTOR_ISOLATION = MainActor;
				SWIFT_EMIT_LOC_STRINGS = YES;
				SWIFT_UPCOMING_FEATURE_MEMBER_IMPORT_VISIBILITY = YES;
				SWIFT_VERSION = 5.0;
				TARGETED_DEVICE_FAMILY = 1;
				XROS_DEPLOYMENT_TARGET = 26.4;
			};
			name = Release;
		};
		97F812A82F9469480068A42A /* Debug */ = {
			isa = XCBuildConfiguration;
			buildSettings = {
				ASSETCATALOG_COMPILER_APPICON_NAME = AppIcon;
				ASSETCATALOG_COMPILER_GLOBAL_ACCENT_COLOR_NAME = AccentColor;
				ASSETCATALOG_COMPILER_INCLUDE_ALL_APPICON_ASSETS = YES;
				CODE_SIGN_STYLE = Automatic;
				CURRENT_PROJECT_VERSION = 3;
				DEVELOPMENT_TEAM = DCMGV2B253;
				ENABLE_PREVIEWS = YES;
				GENERATE_INFOPLIST_FILE = YES;
				INFOPLIST_FILE = "VeloGPXWatch-Watch-App-Info.plist";
				INFOPLIST_KEY_CFBundleDisplayName = VeloGPXWatch;
				INFOPLIST_KEY_LSApplicationCategoryType = "";
				INFOPLIST_KEY_UISupportedInterfaceOrientations = "UIInterfaceOrientationPortrait UIInterfaceOrientationPortraitUpsideDown";
				INFOPLIST_KEY_WKCompanionAppBundleIdentifier = jvic.VeloGPX;
				INFOPLIST_KEY_WKRunsIndependentlyOfCompanionApp = NO;
				LD_RUNPATH_SEARCH_PATHS = (
					"$(inherited)",
					"@executable_path/Frameworks",
				);
				MARKETING_VERSION = 1.2;
				PRODUCT_BUNDLE_IDENTIFIER = jvic.VeloGPX.watchkitapp;
				PRODUCT_NAME = "$(TARGET_NAME)";
				SDKROOT = watchos;
				SKIP_INSTALL = YES;
				STRING_CATALOG_GENERATE_SYMBOLS = YES;
				SWIFT_APPROACHABLE_CONCURRENCY = YES;
				SWIFT_DEFAULT_ACTOR_ISOLATION = MainActor;
				SWIFT_EMIT_LOC_STRINGS = YES;
				SWIFT_UPCOMING_FEATURE_MEMBER_IMPORT_VISIBILITY = YES;
				SWIFT_VERSION = 5.0;
				TARGETED_DEVICE_FAMILY = 4;
				WATCHOS_DEPLOYMENT_TARGET = 26.0;
			};
			name = Debug;
		};
		97F812A92F9469480068A42A /* Release */ = {
			isa = XCBuildConfiguration;
			buildSettings = {
				ASSETCATALOG_COMPILER_APPICON_NAME = AppIcon;
				ASSETCATALOG_COMPILER_GLOBAL_ACCENT_COLOR_NAME = AccentColor;
				ASSETCATALOG_COMPILER_INCLUDE_ALL_APPICON_ASSETS = YES;
				CODE_SIGN_STYLE = Automatic;
				CURRENT_PROJECT_VERSION = 3;
				DEVELOPMENT_TEAM = DCMGV2B253;
				ENABLE_PREVIEWS = YES;
				GENERATE_INFOPLIST_FILE = YES;
				INFOPLIST_FILE = "VeloGPXWatch-Watch-App-Info.plist";
				INFOPLIST_KEY_CFBundleDisplayName = VeloGPXWatch;
				INFOPLIST_KEY_LSApplicationCategoryType = "";
				INFOPLIST_KEY_UISupportedInterfaceOrientations = "UIInterfaceOrientationPortrait UIInterfaceOrientationPortraitUpsideDown";
				INFOPLIST_KEY_WKCompanionAppBundleIdentifier = jvic.VeloGPX;
				INFOPLIST_KEY_WKRunsIndependentlyOfCompanionApp = NO;
				LD_RUNPATH_SEARCH_PATHS = (
					"$(inherited)",
					"@executable_path/Frameworks",
				);
				MARKETING_VERSION = 1.2;
				PRODUCT_BUNDLE_IDENTIFIER = jvic.VeloGPX.watchkitapp;
				PRODUCT_NAME = "$(TARGET_NAME)";
				SDKROOT = watchos;
				SKIP_INSTALL = YES;
				STRING_CATALOG_GENERATE_SYMBOLS = YES;
				SWIFT_APPROACHABLE_CONCURRENCY = YES;
				SWIFT_DEFAULT_ACTOR_ISOLATION = MainActor;
				SWIFT_EMIT_LOC_STRINGS = YES;
				SWIFT_UPCOMING_FEATURE_MEMBER_IMPORT_VISIBILITY = YES;
				SWIFT_VERSION = 5.0;
				TARGETED_DEVICE_FAMILY = 4;
				VALIDATE_PRODUCT = YES;
				WATCHOS_DEPLOYMENT_TARGET = 26.0;
			};
			name = Release;
		};
/* End XCBuildConfiguration section */

/* Begin XCConfigurationList section */
		972D59022FB3F98300B5BD63 /* Build configuration list for PBXNativeTarget "VeloGPXLiveActivityExtension" */ = {
			isa = XCConfigurationList;
			buildConfigurations = (
				972D59032FB3F98300B5BD63 /* Debug */,
				972D59042FB3F98300B5BD63 /* Release */,
			);
			defaultConfigurationIsVisible = 0;
			defaultConfigurationName = Release;
		};
		97F812562F9468570068A42A /* Build configuration list for PBXProject "VeloGPX" */ = {
			isa = XCConfigurationList;
			buildConfigurations = (
				97F812662F9468580068A42A /* Debug */,
				97F812672F9468580068A42A /* Release */,
			);
			defaultConfigurationIsVisible = 0;
			defaultConfigurationName = Release;
		};
		97F812682F9468580068A42A /* Build configuration list for PBXNativeTarget "VeloGPX" */ = {
			isa = XCConfigurationList;
			buildConfigurations = (
				97F812692F9468580068A42A /* Debug */,
				97F8126A2F9468580068A42A /* Release */,
			);
			defaultConfigurationIsVisible = 0;
			defaultConfigurationName = Release;
		};
		97F812A72F9469480068A42A /* Build configuration list for PBXNativeTarget "VeloGPXWatch Watch App" */ = {
			isa = XCConfigurationList;
			buildConfigurations = (
				97F812A82F9469480068A42A /* Debug */,
				97F812A92F9469480068A42A /* Release */,
			);
			defaultConfigurationIsVisible = 0;
			defaultConfigurationName = Release;
		};
/* End XCConfigurationList section */
	};
	rootObject = 97F812532F9468570068A42A /* Project object */;
}
